{
  "version": "2",
  "remote": {
    "https://deno.land/std@0.168.0/fmt/colors.ts": "03ad95e543d2808bc43c17a3dd29d25b43d0f16287fe562a0be89bf632454a12",
    "https://deno.land/std@0.168.0/testing/_diff.ts": "a23e7fc2b4d8daa3e158fa06856bedf5334ce2a2831e8bf9e509717f455adb2c",
    "https://deno.land/std@0.168.0/testing/_format.ts": "cd11136e1797791045e639e9f0f4640d5b4166148796cad37e6ef75f7d7f3832",
    "https://deno.land/std@0.168.0/testing/asserts.ts": "51353e79437361d4b02d8e32f3fc83b22231bc8f8d4c841d86fd32b0b0afe940",
    "https://deno.land/std@0.97.0/_util/assert.ts": "2f868145a042a11d5ad0a3c748dcf580add8a0dbc0e876eaa0026303a5488f58",
    "https://deno.land/std@0.97.0/_util/os.ts": "e282950a0eaa96760c0cf11e7463e66babd15ec9157d4c9ed49cc0925686f6a7",
    "https://deno.land/std@0.97.0/fs/exists.ts": "b0d2e31654819cc2a8d37df45d6b14686c0cc1d802e9ff09e902a63e98b85a00",
    "https://deno.land/std@0.97.0/path/_constants.ts": "1247fee4a79b70c89f23499691ef169b41b6ccf01887a0abd131009c5581b853",
    "https://deno.land/std@0.97.0/path/_interface.ts": "1fa73b02aaa24867e481a48492b44f2598cd9dfa513c7b34001437007d3642e4",
    "https://deno.land/std@0.97.0/path/_util.ts": "2e06a3b9e79beaf62687196bd4b60a4c391d862cfa007a20fc3a39f778ba073b",
    "https://deno.land/std@0.97.0/path/common.ts": "eaf03d08b569e8a87e674e4e265e099f237472b6fd135b3cbeae5827035ea14a",
    "https://deno.land/std@0.97.0/path/glob.ts": "314ad9ff263b895795208cdd4d5e35a44618ca3c6dd155e226fb15d065008652",
    "https://deno.land/std@0.97.0/path/mod.ts": "4465dc494f271b02569edbb4a18d727063b5dbd6ed84283ff906260970a15d12",
    "https://deno.land/std@0.97.0/path/posix.ts": "f56c3c99feb47f30a40ce9d252ef6f00296fa7c0fcb6dd81211bdb3b8b99ca3b",
    "https://deno.land/std@0.97.0/path/separator.ts": "8fdcf289b1b76fd726a508f57d3370ca029ae6976fcde5044007f062e643ff1c",
    "https://deno.land/std@0.97.0/path/win32.ts": "77f7b3604e0de40f3a7c698e8a79e7f601dc187035a1c21cb1e596666ce112f8",
    "https://deno.land/x/corfu@v2.0.1/mod.ts": "159efb94e08231a1f11abc6add4a15af299fd138f6469a7550cd96c628f7c10c",
    "https://deno.land/x/corfu@v2.0.1/types.ts": "07e7123258ffed42e34f44ffe45a6e7f51658f60be3b8f456bf0dd775305355d",
    "https://deno.land/x/eta@v2.0.0/compile-string.ts": "ecd6c10c1f826107758c1d7bbbb609cefeb98f0d6b1f6c7e1088d81febc07f9d",
    "https://deno.land/x/eta@v2.0.0/compile.ts": "f70e124ef6fc95a359b735dcf73dde5815b0f89611877f5c124f317e0dcff7bc",
    "https://deno.land/x/eta@v2.0.0/config.ts": "563d236f20ca9d79f2213447b0f2c5b53b99f46a73fcd6e9a84bd150632f6286",
    "https://deno.land/x/eta@v2.0.0/containers.ts": "c584fb0daa77c11d31ccb74256adad116354411d030378a04e9745c358a3a453",
    "https://deno.land/x/eta@v2.0.0/err.ts": "1b0b45e039ca98f66182e00988445d62a1aab859982b603d849b7d025a9d7458",
    "https://deno.land/x/eta@v2.0.0/file-handlers.ts": "96a637e47fbb43f064a852ea2d774ac7c635e661652f45f6282c64c49097a1ab",
    "https://deno.land/x/eta@v2.0.0/file-helpers.ts": "4f031d275be10888ce0b7f99e3509e8cbef24bb4d5f1ebb1760659e41bb538f0",
    "https://deno.land/x/eta@v2.0.0/file-methods.ts": "c93afbbfa82c318db65c4d6b4e7f617efc6f04d7c2603cfd07ee2768b80ae1f5",
    "https://deno.land/x/eta@v2.0.0/file-utils.ts": "8863edbdf6fa5ef5ae78fb37f9a3899e7331e1a4391a571337aac9d5cdc0e2db",
    "https://deno.land/x/eta@v2.0.0/mod.ts": "31219e28b55d1ff1777ef0e5513ea3588ebd5f220b512212334ec470030c2e39",
    "https://deno.land/x/eta@v2.0.0/parse.ts": "7515f9788f9e88ef98776101409b2e5f7d0b70f91c3f33fd219d038b5541278f",
    "https://deno.land/x/eta@v2.0.0/polyfills.ts": "048f697fdf0ef002cc59cf7a69cf370e11877c3b7f9c0b68dd84ab4762e0ffdc",
    "https://deno.land/x/eta@v2.0.0/render.ts": "c6bdc538cb9c2ffc1593ac7ce0fd55c711a65cd6a909b097c913ea47056badb4",
    "https://deno.land/x/eta@v2.0.0/storage.ts": "46f762d1c04d9095ed6fb694c0d993e9ae507a69bab469a5a3bd23a5a9a79983",
    "https://deno.land/x/eta@v2.0.0/utils.ts": "e30a240bded14fde639287c8fb1f826c86c22c50264f4c69a266100307c381a9",
    "https://deno.land/x/htm@0.1.3/html.tsx": "b1c1e8ff8af45dbdf4dd6d90dea37ff8e9c86c705f672f9b53911691ed12e6fd",
    "https://deno.land/x/htm@0.1.3/mod.ts": "93485a06c930907a40f09eb8d9deadf27aaaa228c5037a24be7a08b82c8b4bee",
    "https://deno.land/x/html_template@0.2.1/mod.ts": "dda60dd370a30eed07dc3c2ee5fde940f8ed9664a0c1b5e4de007bdcab5df079",
    "https://deno.land/x/ssr_jsx@v0.4.1/mod.js": "0c644e3e9a8e1321a2f9e62d50e824fe4d3a8f28a427a7e0062ff7a3b7781295",
    "https://esm.sh/html-sloppy-escaper@0.1.0": "c42b530969809adee292ac9192df3ca80d13fa99fe7a89b5f588c3c165c4bd23",
    "https://esm.sh/preact-render-to-string@5.2.6?deps=preact@10.11.2": "cba3a09db9ca2a135697cdb6ddc02e73725cfa5100729b7af90f175b098ea1fd",
    "https://esm.sh/preact@10.11.2": "a7484db8d718104c029053f08954ed862f15b2a1440867a4eb63a3a78e7749c7",
    "https://esm.sh/stable/preact@10.11.2/deno/preact.js": "10e7be6ea2698598105f404198789d8a34fd6a1ca020482f94eaaaca736badf5",
    "https://esm.sh/uhtml-ssr@0.9.1": "9e0c83bc9cfa15ad59103a66dd078607867cf9bf70e567fef1d5cedb4c6732a0",
    "https://esm.sh/v106/@webreflection/mapset@1.0.1/deno/mapset.js": "d1179e34899bcdfa62969a3399e18f1374c5cebc0a92f04a00c345817405e140",
    "https://esm.sh/v106/@webreflection/uparser@0.2.4/deno/uparser.js": "6bf9fe1662a736137c8dfafe488ffcb44bbc8223e032668f3b2759cfc9b6212d",
    "https://esm.sh/v106/html-escaper@3.0.3/deno/html-escaper.js": "47e23340ab499eda8e772f252013076b50e4327ead15edc5949e9649c71667e0",
    "https://esm.sh/v106/html-sloppy-escaper@0.1.0/deno/html-sloppy-escaper.js": "b362ecdfb5c058f57651dc7e42cc0092a62a6cfdd2651efa8d0d59ea562d09db",
    "https://esm.sh/v106/preact-render-to-string@5.2.6/X-ZC9wcmVhY3RAMTAuMTEuMg/deno/preact-render-to-string.js": "0554ba3b539a1fd09d6f751b2b0ad54fddf4fbf6c76386a02c6407c01ab1653d",
    "https://esm.sh/v106/preact-render-to-string@5.2.6/X-ZC9wcmVhY3RAMTAuMTEuMg/src/index.d.ts": "3228ae08928d6b6b07075f2d15036f962bf5b3bf8354aed04d4a49d391b9661e",
    "https://esm.sh/v106/preact@10.11.2/src/index.d.ts": "76842a9d103548261ee001f2aee5fa5cacc8b1b4b4032af537ed84603c8f4a31",
    "https://esm.sh/v106/preact@10.11.2/src/jsx.d.ts": "77ce5bd7324455c9f6dc85bfc3c94b733acb92cc98fdf82e4b1059c8bca7866d",
    "https://esm.sh/v106/uarray@1.0.0/deno/uarray.js": "73e63b44766f79bbb47c7486f47beebb6e8a844cc1df38ff1b425f33d6349918",
    "https://esm.sh/v106/uhandlers@0.6.1/deno/uhandlers.js": "8ef7e1cd58e601e31db8c3f3990c09bfdc4e739f1762849e691b94b4815d94f6",
    "https://esm.sh/v106/uhtml-ssr@0.9.1/deno/uhtml-ssr.js": "abf0022ef7c362caf941d5f58183a89622142bad4cbd02af7cbf9d93a356c3d5",
    "https://esm.sh/v106/uhyphen@0.1.0/deno/uhyphen.js": "05a78ded7abcd93e04fed282d654f9fa316f8a576753a9c79a9b150d531821ea"
  }
}
